
Microsoft Visual Studio Solution File, Format Version 12.00
# Visual Studio Version 16
VisualStudioVersion = 16.0.29613.14
MinimumVisualStudioVersion = 10.0.40219.1
Project("{FAE04EC0-301F-11D3-BF4B-00C04F79EFBC}") = "WpfOverview", "WpfOverview.csproj", "{DD0A6BE1-188A-4996-900A-33B87C64E9EC}"
EndProject
Global
	GlobalSection(SolutionConfigurationPlatforms) = preSolution
		Debug|Any CPU = Debug|Any CPU
		Release|Any CPU = Release|Any CPU
	EndGlobalSection
	GlobalSection(ProjectConfigurationPlatforms) = postSolution
		{DD0A6BE1-188A-4996-900A-33B87C64E9EC}.Debug|Any CPU.ActiveCfg = Debug|Any CPU
		{DD0A6BE1-188A-4996-900A-33B87C64E9EC}.Debug|Any CPU.Build.0 = Debug|Any CPU
		{DD0A6BE1-188A-4996-900A-33B87C64E9EC}.Release|Any CPU.ActiveCfg = Release|Any CPU
		{DD0A6BE1-188A-4996-900A-33B87C64E9EC}.Release|Any CPU.Build.0 = Release|Any CPU
	EndGlobalSection
	GlobalSection(SolutionProperties) = preSolution
		HideSolutionNode = FALSE
	EndGlobalSection
	GlobalSection(ExtensibilityGlobals) = postSolution
		SolutionGuid = {AF80A5C0-43D9-43D8-B50A-032593E65401}
	EndGlobalSection
EndGlobal
